
Microsoft Visual Studio Solution File, Format Version 12.00
# Visual Studio Version 17
VisualStudioVersion = 17.3.32825.248
MinimumVisualStudioVersion = 10.0.40219.1
Project("{FAE04EC0-301F-11D3-BF4B-00C04F79EFBC}") = "IzykovMS-KT-43-21", "IzykovMS-KT-43-21\IzykovMS-KT-43-21.csproj", "{95AE067B-D549-4FC0-B0C8-22EE353B405B}"
EndProject
Global
	GlobalSection(SolutionConfigurationPlatforms) = preSolution
		Debug|Any CPU = Debug|Any CPU
		Release|Any CPU = Release|Any CPU
	EndGlobalSection
	GlobalSection(ProjectConfigurationPlatforms) = postSolution
		{95AE067B-D549-4FC0-B0C8-22EE353B405B}.Debug|Any CPU.ActiveCfg = Debug|Any CPU
		{95AE067B-D549-4FC0-B0C8-22EE353B405B}.Debug|Any CPU.Build.0 = Debug|Any CPU
		{95AE067B-D549-4FC0-B0C8-22EE353B405B}.Release|Any CPU.ActiveCfg = Release|Any CPU
		{95AE067B-D549-4FC0-B0C8-22EE353B405B}.Release|Any CPU.Build.0 = Release|Any CPU
	EndGlobalSection
	GlobalSection(SolutionProperties) = preSolution
		HideSolutionNode = FALSE
	EndGlobalSection
	GlobalSection(ExtensibilityGlobals) = postSolution
		SolutionGuid = {650BB46F-D257-43B0-928C-D5CA71491728}
	EndGlobalSection
EndGlobal
